
Microsoft Visual Studio Solution File, Format Version 11.00
# Visual Studio 2010
Project("{FAE04EC0-301F-11D3-BF4B-00C04F79EFBC}") = "Unity.InputSystem.RebindingUI", "Unity.InputSystem.RebindingUI.csproj", "{0104118a-88d8-5260-0bfe-9f74443a62f2}"
EndProject
Project("{FAE04EC0-301F-11D3-BF4B-00C04F79EFBC}") = "Assembly-CSharp", "Assembly-CSharp.csproj", "{fe382920-e09f-3240-ce71-a4f349d5fb57}"
EndProject
Global
	GlobalSection(SolutionConfigurationPlatforms) = preSolution
		Debug|Any CPU = Debug|Any CPU
	EndGlobalSection
	GlobalSection(ProjectConfigurationPlatforms) = postSolution
		{0104118a-88d8-5260-0bfe-9f74443a62f2}.Debug|Any CPU.ActiveCfg = Debug|Any CPU
		{0104118a-88d8-5260-0bfe-9f74443a62f2}.Debug|Any CPU.Build.0 = Debug|Any CPU
		{fe382920-e09f-3240-ce71-a4f349d5fb57}.Debug|Any CPU.ActiveCfg = Debug|Any CPU
		{fe382920-e09f-3240-ce71-a4f349d5fb57}.Debug|Any CPU.Build.0 = Debug|Any CPU
	EndGlobalSection
	GlobalSection(SolutionProperties) = preSolution
		HideSolutionNode = FALSE
	EndGlobalSection
EndGlobal
